Microsoft Visual Studio Solution File, Format Version 11.00
# Visual Studio 2008

Project("{1F5ED342-91E2-97EB-5497-1EF93045D148}") = "boat_waypoints", "Assembly-CSharp.csproj", "{DA5CC9C4-ED87-C9D2-354B-9098ABFC2679}"
EndProject
Project("{1F5ED342-91E2-97EB-5497-1EF93045D148}") = "boat_waypoints", "Assembly-CSharp-Editor.csproj", "{E051E0F2-DCE6-EBEA-E136-D63F4852A507}"
EndProject
Global
	GlobalSection(SolutionConfigurationPlatforms) = preSolution
		Debug|Any CPU = Debug|Any CPU
		Release|Any CPU = Release|Any CPU
	EndGlobalSection
	GlobalSection(ProjectConfigurationPlatforms) = postSolution
		{DA5CC9C4-ED87-C9D2-354B-9098ABFC2679}.Debug|Any CPU.ActiveCfg = Debug|Any CPU
		{DA5CC9C4-ED87-C9D2-354B-9098ABFC2679}.Debug|Any CPU.Build.0 = Debug|Any CPU
		{DA5CC9C4-ED87-C9D2-354B-9098ABFC2679}.Release|Any CPU.ActiveCfg = Release|Any CPU
		{DA5CC9C4-ED87-C9D2-354B-9098ABFC2679}.Release|Any CPU.Build.0 = Release|Any CPU
		{E051E0F2-DCE6-EBEA-E136-D63F4852A507}.Debug|Any CPU.ActiveCfg = Debug|Any CPU
		{E051E0F2-DCE6-EBEA-E136-D63F4852A507}.Debug|Any CPU.Build.0 = Debug|Any CPU
		{E051E0F2-DCE6-EBEA-E136-D63F4852A507}.Release|Any CPU.ActiveCfg = Release|Any CPU
		{E051E0F2-DCE6-EBEA-E136-D63F4852A507}.Release|Any CPU.Build.0 = Release|Any CPU
	EndGlobalSection
	GlobalSection(SolutionProperties) = preSolution
		HideSolutionNode = FALSE
	EndGlobalSection
	GlobalSection(MonoDevelopProperties) = preSolution
		StartupItem = Assembly-CSharp.csproj
		Policies = $0
		$0.TextStylePolicy = $1
		$1.inheritsSet = null
		$1.scope = text/x-csharp
		$0.CSharpFormattingPolicy = $2
		$2.inheritsSet = Mono
		$2.inheritsScope = text/x-csharp
		$2.scope = text/x-csharp
		$0.TextStylePolicy = $3
		$3.FileWidth = 120
		$3.TabWidth = 4
		$3.EolMarker = Unix
		$3.inheritsSet = Mono
		$3.inheritsScope = text/plain
		$3.scope = text/plain
	EndGlobalSection
EndGlobal
